
Microsoft Visual Studio Solution File, Format Version 12.00
# Visual Studio Version 17
VisualStudioVersion = 17.2.32630.192
MinimumVisualStudioVersion = 10.0.40219.1
Project("{FAE04EC0-301F-11D3-BF4B-00C04F79EFBC}") = "ATMAPItask", "ATMAPItask\ATMAPItask.csproj", "{1622943C-026E-4B3D-A763-5555B981A322}"
EndProject
Project("{FAE04EC0-301F-11D3-BF4B-00C04F79EFBC}") = "ATMAPI.Core", "ATMAPI.Core\ATMAPI.Core.csproj", "{C1C72169-0F47-4EFE-BEDB-BF11D6FD97E0}"
EndProject
Global
	GlobalSection(SolutionConfigurationPlatforms) = preSolution
		Debug|Any CPU = Debug|Any CPU
		Release|Any CPU = Release|Any CPU
	EndGlobalSection
	GlobalSection(ProjectConfigurationPlatforms) = postSolution
		{1622943C-026E-4B3D-A763-5555B981A322}.Debug|Any CPU.ActiveCfg = Debug|Any CPU
		{1622943C-026E-4B3D-A763-5555B981A322}.Debug|Any CPU.Build.0 = Debug|Any CPU
		{1622943C-026E-4B3D-A763-5555B981A322}.Release|Any CPU.ActiveCfg = Release|Any CPU
		{1622943C-026E-4B3D-A763-5555B981A322}.Release|Any CPU.Build.0 = Release|Any CPU
		{C1C72169-0F47-4EFE-BEDB-BF11D6FD97E0}.Debug|Any CPU.ActiveCfg = Debug|Any CPU
		{C1C72169-0F47-4EFE-BEDB-BF11D6FD97E0}.Debug|Any CPU.Build.0 = Debug|Any CPU
		{C1C72169-0F47-4EFE-BEDB-BF11D6FD97E0}.Release|Any CPU.ActiveCfg = Release|Any CPU
		{C1C72169-0F47-4EFE-BEDB-BF11D6FD97E0}.Release|Any CPU.Build.0 = Release|Any CPU
	EndGlobalSection
	GlobalSection(SolutionProperties) = preSolution
		HideSolutionNode = FALSE
	EndGlobalSection
	GlobalSection(ExtensibilityGlobals) = postSolution
		SolutionGuid = {EE627603-99EC-4BD2-9AFD-8006473A776B}
	EndGlobalSection
EndGlobal
